
Microsoft Visual Studio Solution File, Format Version 12.00
# Visual Studio 15
VisualStudioVersion = 15.0.26124.0
MinimumVisualStudioVersion = 15.0.26124.0
Project("{FAE04EC0-301F-11D3-BF4B-00C04F79EFBC}") = "API", "API\API.csproj", "{872ACFE6-429F-4657-B19E-2572D09B2A0E}"
EndProject
Project("{FAE04EC0-301F-11D3-BF4B-00C04F79EFBC}") = "Core", "Core\Core.csproj", "{448CA4D5-E4F7-44F6-996D-B01F94C06289}"
EndProject
Project("{FAE04EC0-301F-11D3-BF4B-00C04F79EFBC}") = "Infrastructure", "Infrastructure\Infrastructure.csproj", "{085D7900-BA02-4225-9158-609EF5F1B893}"
EndProject
Global
	GlobalSection(SolutionConfigurationPlatforms) = preSolution
		Debug|Any CPU = Debug|Any CPU
		Debug|x64 = Debug|x64
		Debug|x86 = Debug|x86
		Release|Any CPU = Release|Any CPU
		Release|x64 = Release|x64
		Release|x86 = Release|x86
	EndGlobalSection
	GlobalSection(SolutionProperties) = preSolution
		HideSolutionNode = FALSE
	EndGlobalSection
	GlobalSection(ProjectConfigurationPlatforms) = postSolution
		{872ACFE6-429F-4657-B19E-2572D09B2A0E}.Debug|Any CPU.ActiveCfg = Debug|Any CPU
		{872ACFE6-429F-4657-B19E-2572D09B2A0E}.Debug|Any CPU.Build.0 = Debug|Any CPU
		{872ACFE6-429F-4657-B19E-2572D09B2A0E}.Debug|x64.ActiveCfg = Debug|Any CPU
		{872ACFE6-429F-4657-B19E-2572D09B2A0E}.Debug|x64.Build.0 = Debug|Any CPU
		{872ACFE6-429F-4657-B19E-2572D09B2A0E}.Debug|x86.ActiveCfg = Debug|Any CPU
		{872ACFE6-429F-4657-B19E-2572D09B2A0E}.Debug|x86.Build.0 = Debug|Any CPU
		{872ACFE6-429F-4657-B19E-2572D09B2A0E}.Release|Any CPU.ActiveCfg = Release|Any CPU
		{872ACFE6-429F-4657-B19E-2572D09B2A0E}.Release|Any CPU.Build.0 = Release|Any CPU
		{872ACFE6-429F-4657-B19E-2572D09B2A0E}.Release|x64.ActiveCfg = Release|Any CPU
		{872ACFE6-429F-4657-B19E-2572D09B2A0E}.Release|x64.Build.0 = Release|Any CPU
		{872ACFE6-429F-4657-B19E-2572D09B2A0E}.Release|x86.ActiveCfg = Release|Any CPU
		{872ACFE6-429F-4657-B19E-2572D09B2A0E}.Release|x86.Build.0 = Release|Any CPU
		{448CA4D5-E4F7-44F6-996D-B01F94C06289}.Debug|Any CPU.ActiveCfg = Debug|Any CPU
		{448CA4D5-E4F7-44F6-996D-B01F94C06289}.Debug|Any CPU.Build.0 = Debug|Any CPU
		{448CA4D5-E4F7-44F6-996D-B01F94C06289}.Debug|x64.ActiveCfg = Debug|Any CPU
		{448CA4D5-E4F7-44F6-996D-B01F94C06289}.Debug|x64.Build.0 = Debug|Any CPU
		{448CA4D5-E4F7-44F6-996D-B01F94C06289}.Debug|x86.ActiveCfg = Debug|Any CPU
		{448CA4D5-E4F7-44F6-996D-B01F94C06289}.Debug|x86.Build.0 = Debug|Any CPU
		{448CA4D5-E4F7-44F6-996D-B01F94C06289}.Release|Any CPU.ActiveCfg = Release|Any CPU
		{448CA4D5-E4F7-44F6-996D-B01F94C06289}.Release|Any CPU.Build.0 = Release|Any CPU
		{448CA4D5-E4F7-44F6-996D-B01F94C06289}.Release|x64.ActiveCfg = Release|Any CPU
		{448CA4D5-E4F7-44F6-996D-B01F94C06289}.Release|x64.Build.0 = Release|Any CPU
		{448CA4D5-E4F7-44F6-996D-B01F94C06289}.Release|x86.ActiveCfg = Release|Any CPU
		{448CA4D5-E4F7-44F6-996D-B01F94C06289}.Release|x86.Build.0 = Release|Any CPU
		{085D7900-BA02-4225-9158-609EF5F1B893}.Debug|Any CPU.ActiveCfg = Debug|Any CPU
		{085D7900-BA02-4225-9158-609EF5F1B893}.Debug|Any CPU.Build.0 = Debug|Any CPU
		{085D7900-BA02-4225-9158-609EF5F1B893}.Debug|x64.ActiveCfg = Debug|Any CPU
		{085D7900-BA02-4225-9158-609EF5F1B893}.Debug|x64.Build.0 = Debug|Any CPU
		{085D7900-BA02-4225-9158-609EF5F1B893}.Debug|x86.ActiveCfg = Debug|Any CPU
		{085D7900-BA02-4225-9158-609EF5F1B893}.Debug|x86.Build.0 = Debug|Any CPU
		{085D7900-BA02-4225-9158-609EF5F1B893}.Release|Any CPU.ActiveCfg = Release|Any CPU
		{085D7900-BA02-4225-9158-609EF5F1B893}.Release|Any CPU.Build.0 = Release|Any CPU
		{085D7900-BA02-4225-9158-609EF5F1B893}.Release|x64.ActiveCfg = Release|Any CPU
		{085D7900-BA02-4225-9158-609EF5F1B893}.Release|x64.Build.0 = Release|Any CPU
		{085D7900-BA02-4225-9158-609EF5F1B893}.Release|x86.ActiveCfg = Release|Any CPU
		{085D7900-BA02-4225-9158-609EF5F1B893}.Release|x86.Build.0 = Release|Any CPU
	EndGlobalSection
EndGlobal
